{
    "version": 3,
    "terraform_version": "0.9.5",
    "serial": 3,
    "lineage": "3dfca453-5fd2-420f-8e61-495bd65d7358",
    "modules": [
        {
            "path": [
                "root"
            ],
            "outputs": {},
            "resources": {
                "aws_instance.example": {
                    "type": "aws_instance",
                    "depends_on": [],
                    "primary": {
                        "id": "i-0e8906009d3fe661a",
                        "attributes": {
                            "ami": "ami-01ccc867",
                            "associate_public_ip_address": "true",
                            "availability_zone": "eu-west-1c",
                            "disable_api_termination": "false",
                            "ebs_block_device.#": "0",
                            "ebs_optimized": "false",
                            "ephemeral_block_device.#": "0",
                            "iam_instance_profile": "",
                            "id": "i-0e8906009d3fe661a",
                            "instance_state": "running",
                            "instance_type": "t2.micro",
                            "ipv6_address_count": "0",
                            "ipv6_addresses.#": "0",
                            "key_name": "",
                            "monitoring": "false",
                            "network_interface.#": "0",
                            "network_interface_id": "eni-7a7c8947",
                            "primary_network_interface_id": "eni-7a7c8947",
                            "private_dns": "ip-172-31-19-2.eu-west-1.compute.internal",
                            "private_ip": "172.31.19.2",
                            "public_dns": "ec2-54-72-46-10.eu-west-1.compute.amazonaws.com",
                            "public_ip": "54.72.46.10",
                            "root_block_device.#": "1",
                            "root_block_device.0.delete_on_termination": "true",
                            "root_block_device.0.iops": "100",
                            "root_block_device.0.volume_size": "8",
                            "root_block_device.0.volume_type": "gp2",
                            "security_groups.#": "0",
                            "source_dest_check": "true",
                            "subnet_id": "subnet-ef9454a6",
                            "tags.%": "2",
                            "tags.Name": "aboki",
                            "tags.tag": "okezie",
                            "tenancy": "default",
                            "volume_tags.%": "0",
                            "vpc_security_group_ids.#": "1",
                            "vpc_security_group_ids.1011150700": "sg-3a025c43"
                        },
                        "meta": {
                            "schema_version": "1"
                        },
                        "tainted": false
                    },
                    "deposed": [],
                    "provider": ""
                }
            },
            "depends_on": []
        }
    ]
}
