{
    "version": 3,
    "terraform_version": "0.9.5",
    "serial": 1,
    "lineage": "b8838b24-d08d-4d26-8c09-ce0fb2e53966",
    "modules": [
        {
            "path": [
                "root"
            ],
            "outputs": {},
            "resources": {
                "aws_instance.example": {
                    "type": "aws_instance",
                    "depends_on": [
                        "aws_key_pair.mykey"
                    ],
                    "primary": {
                        "id": "i-0b85f18cb3dd13ec3",
                        "attributes": {
                            "ami": "ami-844e0bf7",
                            "associate_public_ip_address": "true",
                            "availability_zone": "eu-west-1a",
                            "disable_api_termination": "false",
                            "ebs_block_device.#": "0",
                            "ebs_optimized": "false",
                            "ephemeral_block_device.#": "0",
                            "iam_instance_profile": "",
                            "id": "i-0b85f18cb3dd13ec3",
                            "instance_state": "running",
                            "instance_type": "t2.micro",
                            "ipv6_address_count": "0",
                            "ipv6_addresses.#": "0",
                            "key_name": "mykey",
                            "monitoring": "false",
                            "network_interface.#": "0",
                            "network_interface_id": "eni-bbd02eb4",
                            "primary_network_interface_id": "eni-bbd02eb4",
                            "private_dns": "ip-172-31-39-20.eu-west-1.compute.internal",
                            "private_ip": "172.31.39.20",
                            "public_dns": "ec2-52-213-169-66.eu-west-1.compute.amazonaws.com",
                            "public_ip": "52.213.169.66",
                            "root_block_device.#": "1",
                            "root_block_device.0.delete_on_termination": "true",
                            "root_block_device.0.iops": "100",
                            "root_block_device.0.volume_size": "8",
                            "root_block_device.0.volume_type": "gp2",
                            "security_groups.#": "0",
                            "source_dest_check": "true",
                            "subnet_id": "subnet-d0b1b088",
                            "tags.%": "0",
                            "tenancy": "default",
                            "volume_tags.%": "0",
                            "vpc_security_group_ids.#": "1",
                            "vpc_security_group_ids.1011150700": "sg-3a025c43"
                        },
                        "meta": {
                            "schema_version": "1"
                        },
                        "tainted": false
                    },
                    "deposed": [],
                    "provider": ""
                },
                "aws_key_pair.mykey": {
                    "type": "aws_key_pair",
                    "depends_on": [],
                    "primary": {
                        "id": "mykey",
                        "attributes": {
                            "fingerprint": "6d:b8:f8:ba:b0:79:ed:f8:c8:37:61:03:e2:f9:25:48",
                            "id": "mykey",
                            "key_name": "mykey",
                            "public_key": "ssh-rsa AAAAB3NzaC1yc2EAAAADAQABAAABAQC46TfM+BAksxyVxC4FCz005+ge4AgjtEyAN0+ZNTTHvAvAdRw0f67vVG1HsaHgt7GFZF89Zql2z00376Yk9vVyJtyCEyJIYq+yvqzFmL/vMcQqOeRV6+JJcxwxUJ6iBYjnp0yJYnBo1AmJ+qmJYJ6QqRAxVGJel+kkyRruuNcTbCFx5y35H+n3i3+VoU6ums3BYMXgInDSR7EuSHMdMHKiDPQTZYBWkcN/brl2m/vMLjPoP4Y0eOs1JKS+kW4NwY5m8u6AoEQaxUoMymcAcE5t1PRLbFDn967jcdJrUGK9cI7VhJ4JTmtHMokhzuDnCEEn6YOIL102r6TFZQv6y6Pf root@ip-172-31-36-63"
                        },
                        "meta": {
                            "schema_version": "1"
                        },
                        "tainted": false
                    },
                    "deposed": [],
                    "provider": ""
                },
                "docker_container.nginx-server": {
                    "type": "docker_container",
                    "depends_on": [
                        "docker_image.nginx"
                    ],
                    "primary": {
                        "id": "b64ca82d3f2ab801af34a6160b18117c55397c1103f41c1a8d376d40a170346f",
                        "attributes": {
                            "bridge": "",
                            "gateway": "172.17.0.1",
                            "id": "b64ca82d3f2ab801af34a6160b18117c55397c1103f41c1a8d376d40a170346f",
                            "image": "sha256:bedece1f06cc142829698e6ba8f04d7f92e7f1b94b985e14b65f55e6ae4858c2",
                            "ip_address": "172.17.0.2",
                            "ip_prefix_length": "16",
                            "log_driver": "json-file",
                            "must_run": "true",
                            "name": "nginx-server",
                            "ports.#": "1",
                            "ports.1516735375.external": "80",
                            "ports.1516735375.internal": "80",
                            "ports.1516735375.ip": "",
                            "ports.1516735375.protocol": "tcp",
                            "restart": "no"
                        },
                        "meta": {},
                        "tainted": false
                    },
                    "deposed": [],
                    "provider": ""
                },
                "docker_image.nginx": {
                    "type": "docker_image",
                    "depends_on": [],
                    "primary": {
                        "id": "sha256:bedece1f06cc142829698e6ba8f04d7f92e7f1b94b985e14b65f55e6ae4858c2nginx:1.11-alpine",
                        "attributes": {
                            "id": "sha256:bedece1f06cc142829698e6ba8f04d7f92e7f1b94b985e14b65f55e6ae4858c2nginx:1.11-alpine",
                            "latest": "sha256:bedece1f06cc142829698e6ba8f04d7f92e7f1b94b985e14b65f55e6ae4858c2",
                            "name": "nginx:1.11-alpine"
                        },
                        "meta": {},
                        "tainted": false
                    },
                    "deposed": [],
                    "provider": ""
                }
            },
            "depends_on": []
        }
    ]
}
