{
    "version": 3,
    "terraform_version": "0.9.5",
    "serial": 0,
    "lineage": "ace87dcd-a0db-43c5-9f3b-599e425590c0",
    "modules": [
        {
            "path": [
                "root"
            ],
            "outputs": {},
            "resources": {
                "aws_instance.example": {
                    "type": "aws_instance",
                    "depends_on": [],
                    "primary": {
                        "id": "i-05384be3ab0639083",
                        "attributes": {
                            "ami": "ami-01ccc867",
                            "associate_public_ip_address": "true",
                            "availability_zone": "eu-west-1a",
                            "disable_api_termination": "false",
                            "ebs_block_device.#": "0",
                            "ebs_optimized": "false",
                            "ephemeral_block_device.#": "0",
                            "iam_instance_profile": "",
                            "id": "i-05384be3ab0639083",
                            "instance_state": "running",
                            "instance_type": "t2.micro",
                            "ipv6_address_count": "0",
                            "ipv6_addresses.#": "0",
                            "key_name": "",
                            "monitoring": "false",
                            "network_interface.#": "0",
                            "network_interface_id": "eni-acb658a3",
                            "primary_network_interface_id": "eni-acb658a3",
                            "private_dns": "ip-172-31-47-187.eu-west-1.compute.internal",
                            "private_ip": "172.31.47.187",
                            "public_dns": "ec2-52-50-41-249.eu-west-1.compute.amazonaws.com",
                            "public_ip": "52.50.41.249",
                            "root_block_device.#": "1",
                            "root_block_device.0.delete_on_termination": "true",
                            "root_block_device.0.iops": "100",
                            "root_block_device.0.volume_size": "8",
                            "root_block_device.0.volume_type": "gp2",
                            "security_groups.#": "0",
                            "source_dest_check": "true",
                            "subnet_id": "subnet-d0b1b088",
                            "tags.%": "1",
                            "tags.tag": "okezie",
                            "tenancy": "default",
                            "volume_tags.%": "0",
                            "vpc_security_group_ids.#": "1",
                            "vpc_security_group_ids.1011150700": "sg-3a025c43"
                        },
                        "meta": {
                            "schema_version": "1"
                        },
                        "tainted": false
                    },
                    "deposed": [],
                    "provider": ""
                }
            },
            "depends_on": []
        }
    ]
}
